
Microsoft Visual Studio Solution File, Format Version 12.00
# Visual Studio Version 16
VisualStudioVersion = 16.0.31402.337
MinimumVisualStudioVersion = 10.0.40219.1
Project("{8BC9CEB8-8B4A-11D0-8D11-00A0C91BC942}") = "libnn", "libnn\libnn.vcxproj", "{4C9CF90D-21C0-40C0-9A66-5D367A2FE3E8}"
EndProject
Project("{8BC9CEB8-8B4A-11D0-8D11-00A0C91BC942}") = "onnxtest", "onnxtest\onnxtest.vcxproj", "{62CF0F3B-C39D-474B-A774-7811751D4DC8}"
EndProject
Project("{8BC9CEB8-8B4A-11D0-8D11-00A0C91BC942}") = "libnn-python", "libnn-python\libnn-python.vcxproj", "{F78E1D6E-C664-4278-A582-6FFEB9F0C5FB}"
	ProjectSection(ProjectDependencies) = postProject
		{4C9CF90D-21C0-40C0-9A66-5D367A2FE3E8} = {4C9CF90D-21C0-40C0-9A66-5D367A2FE3E8}
	EndProjectSection
EndProject
Global
	GlobalSection(SolutionConfigurationPlatforms) = preSolution
		Debug|x64 = Debug|x64
		Debug|x86 = Debug|x86
		Release|x64 = Release|x64
		Release|x86 = Release|x86
	EndGlobalSection
	GlobalSection(ProjectConfigurationPlatforms) = postSolution
		{4C9CF90D-21C0-40C0-9A66-5D367A2FE3E8}.Debug|x64.ActiveCfg = Debug|x64
		{4C9CF90D-21C0-40C0-9A66-5D367A2FE3E8}.Debug|x64.Build.0 = Debug|x64
		{4C9CF90D-21C0-40C0-9A66-5D367A2FE3E8}.Debug|x86.ActiveCfg = Debug|x64
		{4C9CF90D-21C0-40C0-9A66-5D367A2FE3E8}.Release|x64.ActiveCfg = Release|x64
		{4C9CF90D-21C0-40C0-9A66-5D367A2FE3E8}.Release|x64.Build.0 = Release|x64
		{4C9CF90D-21C0-40C0-9A66-5D367A2FE3E8}.Release|x86.ActiveCfg = Release|x64
		{62CF0F3B-C39D-474B-A774-7811751D4DC8}.Debug|x64.ActiveCfg = Debug|x64
		{62CF0F3B-C39D-474B-A774-7811751D4DC8}.Debug|x64.Build.0 = Debug|x64
		{62CF0F3B-C39D-474B-A774-7811751D4DC8}.Debug|x86.ActiveCfg = Debug|Win32
		{62CF0F3B-C39D-474B-A774-7811751D4DC8}.Debug|x86.Build.0 = Debug|Win32
		{62CF0F3B-C39D-474B-A774-7811751D4DC8}.Release|x64.ActiveCfg = Release|x64
		{62CF0F3B-C39D-474B-A774-7811751D4DC8}.Release|x64.Build.0 = Release|x64
		{62CF0F3B-C39D-474B-A774-7811751D4DC8}.Release|x86.ActiveCfg = Release|Win32
		{62CF0F3B-C39D-474B-A774-7811751D4DC8}.Release|x86.Build.0 = Release|Win32
		{F78E1D6E-C664-4278-A582-6FFEB9F0C5FB}.Debug|x64.ActiveCfg = Debug|x64
		{F78E1D6E-C664-4278-A582-6FFEB9F0C5FB}.Debug|x64.Build.0 = Debug|x64
		{F78E1D6E-C664-4278-A582-6FFEB9F0C5FB}.Debug|x86.ActiveCfg = Debug|Win32
		{F78E1D6E-C664-4278-A582-6FFEB9F0C5FB}.Debug|x86.Build.0 = Debug|Win32
		{F78E1D6E-C664-4278-A582-6FFEB9F0C5FB}.Release|x64.ActiveCfg = Release|x64
		{F78E1D6E-C664-4278-A582-6FFEB9F0C5FB}.Release|x64.Build.0 = Release|x64
		{F78E1D6E-C664-4278-A582-6FFEB9F0C5FB}.Release|x86.ActiveCfg = Release|Win32
		{F78E1D6E-C664-4278-A582-6FFEB9F0C5FB}.Release|x86.Build.0 = Release|Win32
	EndGlobalSection
	GlobalSection(SolutionProperties) = preSolution
		HideSolutionNode = FALSE
	EndGlobalSection
	GlobalSection(ExtensibilityGlobals) = postSolution
		SolutionGuid = {E791BAF6-8B91-441C-90D9-8550844AC049}
	EndGlobalSection
EndGlobal
